// !$*UTF8*$!
{
	archiveVersion = 1;
	classes = {
	};
	objectVersion = 50;
	objects = {

/* Begin PBXBuildFile section */
		150ABC9079F9EEDF35125306 /* Pods_Bus_TrackerTests.framework in Frameworks */ = {isa = PBXBuildFile; fileRef = 17BF51ABD8EF81A12C046BEA /* Pods_Bus_TrackerTests.framework */; };
		7BC7F8222157503400E18B32 /* AppDelegate.swift in Sources */ = {isa = PBXBuildFile; fileRef = 7BC7F8212157503400E18B32 /* AppDelegate.swift */; };
		7BC7F8272157503400E18B32 /* Main.storyboard in Resources */ = {isa = PBXBuildFile; fileRef = 7BC7F8252157503400E18B32 /* Main.storyboard */; };
		7BC7F82A2157503400E18B32 /* Bus_Tracker.xcdatamodeld in Sources */ = {isa = PBXBuildFile; fileRef = 7BC7F8282157503400E18B32 /* Bus_Tracker.xcdatamodeld */; };
		7BC7F82C2157503700E18B32 /* Assets.xcassets in Resources */ = {isa = PBXBuildFile; fileRef = 7BC7F82B2157503700E18B32 /* Assets.xcassets */; };
		7BC7F82F2157503700E18B32 /* LaunchScreen.storyboard in Resources */ = {isa = PBXBuildFile; fileRef = 7BC7F82D2157503700E18B32 /* LaunchScreen.storyboard */; };
		7BC7F83A2157503700E18B32 /* Bus_TrackerTests.swift in Sources */ = {isa = PBXBuildFile; fileRef = 7BC7F8392157503700E18B32 /* Bus_TrackerTests.swift */; };
		7BC7F8452157503700E18B32 /* Bus_TrackerUITests.swift in Sources */ = {isa = PBXBuildFile; fileRef = 7BC7F8442157503700E18B32 /* Bus_TrackerUITests.swift */; };
		7BC7F8542157EC6D00E18B32 /* MapVC.swift in Sources */ = {isa = PBXBuildFile; fileRef = 7BC7F8532157EC6D00E18B32 /* MapVC.swift */; };
		7BCF92AF216E9F83003996F8 /* DriverVC.swift in Sources */ = {isa = PBXBuildFile; fileRef = 7BCF92AE216E9F83003996F8 /* DriverVC.swift */; };
		7BD317D72168F15200DF1A5A /* GoogleService-Info.plist in Resources */ = {isa = PBXBuildFile; fileRef = 7BD317D62168F15100DF1A5A /* GoogleService-Info.plist */; };
		7BD317D9216A8F5900DF1A5A /* Constants.swift in Sources */ = {isa = PBXBuildFile; fileRef = 7BD317D8216A8F5900DF1A5A /* Constants.swift */; };
		7BD317DB216A8FA500DF1A5A /* DBReference.swift in Sources */ = {isa = PBXBuildFile; fileRef = 7BD317DA216A8FA500DF1A5A /* DBReference.swift */; };
		CC6A5D1D5417D27A20EB90CF /* Pods_Bus_Tracker.framework in Frameworks */ = {isa = PBXBuildFile; fileRef = 23D00C09FF2E2120C54F8531 /* Pods_Bus_Tracker.framework */; };
		EC813D83863C5645BC714101 /* Pods_Bus_TrackerUITests.framework in Frameworks */ = {isa = PBXBuildFile; fileRef = 0D8E213F2928D8E6A95D0735 /* Pods_Bus_TrackerUITests.framework */; };
/* End PBXBuildFile section */

/* Begin PBXContainerItemProxy section */
		7BC7F8362157503700E18B32 /* PBXContainerItemProxy */ = {
			isa = PBXContainerItemProxy;
			containerPortal = 7BC7F8162157503300E18B32 /* Project object */;
			proxyType = 1;
			remoteGlobalIDString = 7BC7F81D2157503300E18B32;
			remoteInfo = "Bus Tracker";
		};
		7BC7F8412157503700E18B32 /* PBXContainerItemProxy */ = {
			isa = PBXContainerItemProxy;
			containerPortal = 7BC7F8162157503300E18B32 /* Project object */;
			proxyType = 1;
			remoteGlobalIDString = 7BC7F81D2157503300E18B32;
			remoteInfo = "Bus Tracker";
		};
/* End PBXContainerItemProxy section */

/* Begin PBXFileReference section */
		0D8E213F2928D8E6A95D0735 /* Pods_Bus_TrackerUITests.framework */ = {isa = PBXFileReference; explicitFileType = wrapper.framework; includeInIndex = 0; path = Pods_Bus_TrackerUITests.framework; sourceTree = BUILT_PRODUCTS_DIR; };
		17BF51ABD8EF81A12C046BEA /* Pods_Bus_TrackerTests.framework */ = {isa = PBXFileReference; explicitFileType = wrapper.framework; includeInIndex = 0; path = Pods_Bus_TrackerTests.framework; sourceTree = BUILT_PRODUCTS_DIR; };
		1EA2BB2771848EF6E006B6C6 /* Pods-Bus TrackerTests.debug.xcconfig */ = {isa = PBXFileReference; includeInIndex = 1; lastKnownFileType = text.xcconfig; name = "Pods-Bus TrackerTests.debug.xcconfig"; path = "Pods/Target Support Files/Pods-Bus TrackerTests/Pods-Bus TrackerTests.debug.xcconfig"; sourceTree = "<group>"; };
		23D00C09FF2E2120C54F8531 /* Pods_Bus_Tracker.framework */ = {isa = PBXFileReference; explicitFileType = wrapper.framework; includeInIndex = 0; path = Pods_Bus_Tracker.framework; sourceTree = BUILT_PRODUCTS_DIR; };
		2A39493422A1E201EF4FAE0A /* Pods-Bus TrackerUITests.release.xcconfig */ = {isa = PBXFileReference; includeInIndex = 1; lastKnownFileType = text.xcconfig; name = "Pods-Bus TrackerUITests.release.xcconfig"; path = "Pods/Target Support Files/Pods-Bus TrackerUITests/Pods-Bus TrackerUITests.release.xcconfig"; sourceTree = "<group>"; };
		56749687A5E3A38AC8DCC890 /* Pods-Bus Tracker.release.xcconfig */ = {isa = PBXFileReference; includeInIndex = 1; lastKnownFileType = text.xcconfig; name = "Pods-Bus Tracker.release.xcconfig"; path = "Pods/Target Support Files/Pods-Bus Tracker/Pods-Bus Tracker.release.xcconfig"; sourceTree = "<group>"; };
		6C8DAE6EE086ACD98F4DBF5D /* Pods-Bus TrackerUITests.debug.xcconfig */ = {isa = PBXFileReference; includeInIndex = 1; lastKnownFileType = text.xcconfig; name = "Pods-Bus TrackerUITests.debug.xcconfig"; path = "Pods/Target Support Files/Pods-Bus TrackerUITests/Pods-Bus TrackerUITests.debug.xcconfig"; sourceTree = "<group>"; };
		7BC7F81E2157503400E18B32 /* Bus Tracker.app */ = {isa = PBXFileReference; explicitFileType = wrapper.application; includeInIndex = 0; path = "Bus Tracker.app"; sourceTree = BUILT_PRODUCTS_DIR; };
		7BC7F8212157503400E18B32 /* AppDelegate.swift */ = {isa = PBXFileReference; lastKnownFileType = sourcecode.swift; path = AppDelegate.swift; sourceTree = "<group>"; };
		7BC7F8262157503400E18B32 /* Base */ = {isa = PBXFileReference; lastKnownFileType = file.storyboard; name = Base; path = Base.lproj/Main.storyboard; sourceTree = "<group>"; };
		7BC7F8292157503400E18B32 /* Bus_Tracker.xcdatamodel */ = {isa = PBXFileReference; lastKnownFileType = wrapper.xcdatamodel; path = Bus_Tracker.xcdatamodel; sourceTree = "<group>"; };
		7BC7F82B2157503700E18B32 /* Assets.xcassets */ = {isa = PBXFileReference; lastKnownFileType = folder.assetcatalog; path = Assets.xcassets; sourceTree = "<group>"; };
		7BC7F82E2157503700E18B32 /* Base */ = {isa = PBXFileReference; lastKnownFileType = file.storyboard; name = Base; path = Base.lproj/LaunchScreen.storyboard; sourceTree = "<group>"; };
		7BC7F8302157503700E18B32 /* Info.plist */ = {isa = PBXFileReference; lastKnownFileType = text.plist.xml; path = Info.plist; sourceTree = "<group>"; };
		7BC7F8352157503700E18B32 /* Bus TrackerTests.xctest */ = {isa = PBXFileReference; explicitFileType = wrapper.cfbundle; includeInIndex = 0; path = "Bus TrackerTests.xctest"; sourceTree = BUILT_PRODUCTS_DIR; };
		7BC7F8392157503700E18B32 /* Bus_TrackerTests.swift */ = {isa = PBXFileReference; lastKnownFileType = sourcecode.swift; path = Bus_TrackerTests.swift; sourceTree = "<group>"; };
		7BC7F83B2157503700E18B32 /* Info.plist */ = {isa = PBXFileReference; lastKnownFileType = text.plist.xml; path = Info.plist; sourceTree = "<group>"; };
		7BC7F8402157503700E18B32 /* Bus TrackerUITests.xctest */ = {isa = PBXFileReference; explicitFileType = wrapper.cfbundle; includeInIndex = 0; path = "Bus TrackerUITests.xctest"; sourceTree = BUILT_PRODUCTS_DIR; };
		7BC7F8442157503700E18B32 /* Bus_TrackerUITests.swift */ = {isa = PBXFileReference; lastKnownFileType = sourcecode.swift; path = Bus_TrackerUITests.swift; sourceTree = "<group>"; };
		7BC7F8462157503700E18B32 /* Info.plist */ = {isa = PBXFileReference; lastKnownFileType = text.plist.xml; path = Info.plist; sourceTree = "<group>"; };
		7BC7F8532157EC6D00E18B32 /* MapVC.swift */ = {isa = PBXFileReference; lastKnownFileType = sourcecode.swift; path = MapVC.swift; sourceTree = "<group>"; };
		7BCF92AE216E9F83003996F8 /* DriverVC.swift */ = {isa = PBXFileReference; lastKnownFileType = sourcecode.swift; path = DriverVC.swift; sourceTree = "<group>"; };
		7BD317D62168F15100DF1A5A /* GoogleService-Info.plist */ = {isa = PBXFileReference; fileEncoding = 4; lastKnownFileType = text.plist.xml; path = "GoogleService-Info.plist"; sourceTree = "<group>"; };
		7BD317D8216A8F5900DF1A5A /* Constants.swift */ = {isa = PBXFileReference; lastKnownFileType = sourcecode.swift; path = Constants.swift; sourceTree = "<group>"; };
		7BD317DA216A8FA500DF1A5A /* DBReference.swift */ = {isa = PBXFileReference; lastKnownFileType = sourcecode.swift; path = DBReference.swift; sourceTree = "<group>"; };
		C86C9A69F5B3C69C9FB6B927 /* Pods-Bus TrackerTests.release.xcconfig */ = {isa = PBXFileReference; includeInIndex = 1; lastKnownFileType = text.xcconfig; name = "Pods-Bus TrackerTests.release.xcconfig"; path = "Pods/Target Support Files/Pods-Bus TrackerTests/Pods-Bus TrackerTests.release.xcconfig"; sourceTree = "<group>"; };
		F4213CEFEC05A36BE254389C /* Pods-Bus Tracker.debug.xcconfig */ = {isa = PBXFileReference; includeInIndex = 1; lastKnownFileType = text.xcconfig; name = "Pods-Bus Tracker.debug.xcconfig"; path = "Pods/Target Support Files/Pods-Bus Tracker/Pods-Bus Tracker.debug.xcconfig"; sourceTree = "<group>"; };
/* End PBXFileReference section */

/* Begin PBXFrameworksBuildPhase section */
		7BC7F81B2157503300E18B32 /* Frameworks */ = {
			isa = PBXFrameworksBuildPhase;
			buildActionMask = 2147483647;
			files = (
				CC6A5D1D5417D27A20EB90CF /* Pods_Bus_Tracker.framework in Frameworks */,
			);
			runOnlyForDeploymentPostprocessing = 0;
		};
		7BC7F8322157503700E18B32 /* Frameworks */ = {
			isa = PBXFrameworksBuildPhase;
			buildActionMask = 2147483647;
			files = (
				150ABC9079F9EEDF35125306 /* Pods_Bus_TrackerTests.framework in Frameworks */,
			);
			runOnlyForDeploymentPostprocessing = 0;
		};
		7BC7F83D2157503700E18B32 /* Frameworks */ = {
			isa = PBXFrameworksBuildPhase;
			buildActionMask = 2147483647;
			files = (
				EC813D83863C5645BC714101 /* Pods_Bus_TrackerUITests.framework in Frameworks */,
			);
			runOnlyForDeploymentPostprocessing = 0;
		};
/* End PBXFrameworksBuildPhase section */

/* Begin PBXGroup section */
		2C0D378E91D673B3898A5916 /* Pods */ = {
			isa = PBXGroup;
			children = (
				F4213CEFEC05A36BE254389C /* Pods-Bus Tracker.debug.xcconfig */,
				56749687A5E3A38AC8DCC890 /* Pods-Bus Tracker.release.xcconfig */,
				1EA2BB2771848EF6E006B6C6 /* Pods-Bus TrackerTests.debug.xcconfig */,
				C86C9A69F5B3C69C9FB6B927 /* Pods-Bus TrackerTests.release.xcconfig */,
				6C8DAE6EE086ACD98F4DBF5D /* Pods-Bus TrackerUITests.debug.xcconfig */,
				2A39493422A1E201EF4FAE0A /* Pods-Bus TrackerUITests.release.xcconfig */,
			);
			name = Pods;
			sourceTree = "<group>";
		};
		2ED8160DAE9AA10C0E517B69 /* Frameworks */ = {
			isa = PBXGroup;
			children = (
				23D00C09FF2E2120C54F8531 /* Pods_Bus_Tracker.framework */,
				17BF51ABD8EF81A12C046BEA /* Pods_Bus_TrackerTests.framework */,
				0D8E213F2928D8E6A95D0735 /* Pods_Bus_TrackerUITests.framework */,
			);
			name = Frameworks;
			sourceTree = "<group>";
		};
		7BC7F8152157503300E18B32 = {
			isa = PBXGroup;
			children = (
				7BC7F8202157503400E18B32 /* Bus Tracker */,
				7BC7F8382157503700E18B32 /* Bus TrackerTests */,
				7BC7F8432157503700E18B32 /* Bus TrackerUITests */,
				7BC7F81F2157503400E18B32 /* Products */,
				2C0D378E91D673B3898A5916 /* Pods */,
				2ED8160DAE9AA10C0E517B69 /* Frameworks */,
			);
			sourceTree = "<group>";
		};
		7BC7F81F2157503400E18B32 /* Products */ = {
			isa = PBXGroup;
			children = (
				7BC7F81E2157503400E18B32 /* Bus Tracker.app */,
				7BC7F8352157503700E18B32 /* Bus TrackerTests.xctest */,
				7BC7F8402157503700E18B32 /* Bus TrackerUITests.xctest */,
			);
			name = Products;
			sourceTree = "<group>";
		};
		7BC7F8202157503400E18B32 /* Bus Tracker */ = {
			isa = PBXGroup;
			children = (
				7BC7F8212157503400E18B32 /* AppDelegate.swift */,
				7BC7F8532157EC6D00E18B32 /* MapVC.swift */,
				7BCF92AE216E9F83003996F8 /* DriverVC.swift */,
				7BD317D8216A8F5900DF1A5A /* Constants.swift */,
				7BD317DA216A8FA500DF1A5A /* DBReference.swift */,
				7BC7F8252157503400E18B32 /* Main.storyboard */,
				7BC7F82D2157503700E18B32 /* LaunchScreen.storyboard */,
				7BC7F82B2157503700E18B32 /* Assets.xcassets */,
				7BC7F8302157503700E18B32 /* Info.plist */,
				7BD317D62168F15100DF1A5A /* GoogleService-Info.plist */,
				7BC7F8282157503400E18B32 /* Bus_Tracker.xcdatamodeld */,
			);
			path = "Bus Tracker";
			sourceTree = "<group>";
		};
		7BC7F8382157503700E18B32 /* Bus TrackerTests */ = {
			isa = PBXGroup;
			children = (
				7BC7F8392157503700E18B32 /* Bus_TrackerTests.swift */,
				7BC7F83B2157503700E18B32 /* Info.plist */,
			);
			path = "Bus TrackerTests";
			sourceTree = "<group>";
		};
		7BC7F8432157503700E18B32 /* Bus TrackerUITests */ = {
			isa = PBXGroup;
			children = (
				7BC7F8442157503700E18B32 /* Bus_TrackerUITests.swift */,
				7BC7F8462157503700E18B32 /* Info.plist */,
			);
			path = "Bus TrackerUITests";
			sourceTree = "<group>";
		};
/* End PBXGroup section */

/* Begin PBXNativeTarget section */
		7BC7F81D2157503300E18B32 /* Bus Tracker */ = {
			isa = PBXNativeTarget;
			buildConfigurationList = 7BC7F8492157503700E18B32 /* Build configuration list for PBXNativeTarget "Bus Tracker" */;
			buildPhases = (
				6283C2C965794FC44F735167 /* [CP] Check Pods Manifest.lock */,
				7BC7F81A2157503300E18B32 /* Sources */,
				7BC7F81B2157503300E18B32 /* Frameworks */,
				7BC7F81C2157503300E18B32 /* Resources */,
				574F9595AF0D953C69334D15 /* [CP] Embed Pods Frameworks */,
			);
			buildRules = (
			);
			dependencies = (
			);
			name = "Bus Tracker";
			productName = "Bus Tracker";
			productReference = 7BC7F81E2157503400E18B32 /* Bus Tracker.app */;
			productType = "com.apple.product-type.application";
		};
		7BC7F8342157503700E18B32 /* Bus TrackerTests */ = {
			isa = PBXNativeTarget;
			buildConfigurationList = 7BC7F84C2157503700E18B32 /* Build configuration list for PBXNativeTarget "Bus TrackerTests" */;
			buildPhases = (
				5C8A2A58D31E44D8F7798818 /* [CP] Check Pods Manifest.lock */,
				7BC7F8312157503700E18B32 /* Sources */,
				7BC7F8322157503700E18B32 /* Frameworks */,
				7BC7F8332157503700E18B32 /* Resources */,
			);
			buildRules = (
			);
			dependencies = (
				7BC7F8372157503700E18B32 /* PBXTargetDependency */,
			);
			name = "Bus TrackerTests";
			productName = "Bus TrackerTests";
			productReference = 7BC7F8352157503700E18B32 /* Bus TrackerTests.xctest */;
			productType = "com.apple.product-type.bundle.unit-test";
		};
		7BC7F83F2157503700E18B32 /* Bus TrackerUITests */ = {
			isa = PBXNativeTarget;
			buildConfigurationList = 7BC7F84F2157503700E18B32 /* Build configuration list for PBXNativeTarget "Bus TrackerUITests" */;
			buildPhases = (
				7B79990D9354C01A8B378732 /* [CP] Check Pods Manifest.lock */,
				7BC7F83C2157503700E18B32 /* Sources */,
				7BC7F83D2157503700E18B32 /* Frameworks */,
				7BC7F83E2157503700E18B32 /* Resources */,
			);
			buildRules = (
			);
			dependencies = (
				7BC7F8422157503700E18B32 /* PBXTargetDependency */,
			);
			name = "Bus TrackerUITests";
			productName = "Bus TrackerUITests";
			productReference = 7BC7F8402157503700E18B32 /* Bus TrackerUITests.xctest */;
			productType = "com.apple.product-type.bundle.ui-testing";
		};
/* End PBXNativeTarget section */

/* Begin PBXProject section */
		7BC7F8162157503300E18B32 /* Project object */ = {
			isa = PBXProject;
			attributes = {
				LastSwiftUpdateCheck = 1000;
				LastUpgradeCheck = 1000;
				ORGANIZATIONNAME = "Sam Wang";
				TargetAttributes = {
					7BC7F81D2157503300E18B32 = {
						CreatedOnToolsVersion = 10.0;
					};
					7BC7F8342157503700E18B32 = {
						CreatedOnToolsVersion = 10.0;
						TestTargetID = 7BC7F81D2157503300E18B32;
					};
					7BC7F83F2157503700E18B32 = {
						CreatedOnToolsVersion = 10.0;
						TestTargetID = 7BC7F81D2157503300E18B32;
					};
				};
			};
			buildConfigurationList = 7BC7F8192157503300E18B32 /* Build configuration list for PBXProject "Bus Tracker" */;
			compatibilityVersion = "Xcode 9.3";
			developmentRegion = en;
			hasScannedForEncodings = 0;
			knownRegions = (
				en,
				Base,
			);
			mainGroup = 7BC7F8152157503300E18B32;
			productRefGroup = 7BC7F81F2157503400E18B32 /* Products */;
			projectDirPath = "";
			projectRoot = "";
			targets = (
				7BC7F81D2157503300E18B32 /* Bus Tracker */,
				7BC7F8342157503700E18B32 /* Bus TrackerTests */,
				7BC7F83F2157503700E18B32 /* Bus TrackerUITests */,
			);
		};
/* End PBXProject section */

/* Begin PBXResourcesBuildPhase section */
		7BC7F81C2157503300E18B32 /* Resources */ = {
			isa = PBXResourcesBuildPhase;
			buildActionMask = 2147483647;
			files = (
				7BC7F82F2157503700E18B32 /* LaunchScreen.storyboard in Resources */,
				7BD317D72168F15200DF1A5A /* GoogleService-Info.plist in Resources */,
				7BC7F82C2157503700E18B32 /* Assets.xcassets in Resources */,
				7BC7F8272157503400E18B32 /* Main.storyboard in Resources */,
			);
			runOnlyForDeploymentPostprocessing = 0;
		};
		7BC7F8332157503700E18B32 /* Resources */ = {
			isa = PBXResourcesBuildPhase;
			buildActionMask = 2147483647;
			files = (
			);
			runOnlyForDeploymentPostprocessing = 0;
		};
		7BC7F83E2157503700E18B32 /* Resources */ = {
			isa = PBXResourcesBuildPhase;
			buildActionMask = 2147483647;
			files = (
			);
			runOnlyForDeploymentPostprocessing = 0;
		};
/* End PBXResourcesBuildPhase section */

/* Begin PBXShellScriptBuildPhase section */
		574F9595AF0D953C69334D15 /* [CP] Embed Pods Frameworks */ = {
			isa = PBXShellScriptBuildPhase;
			buildActionMask = 2147483647;
			files = (
			);
			inputFileListPaths = (
			);
			inputPaths = (
				"${SRCROOT}/Pods/Target Support Files/Pods-Bus Tracker/Pods-Bus Tracker-frameworks.sh",
				"${BUILT_PRODUCTS_DIR}/GoogleUtilities/GoogleUtilities.framework",
				"${BUILT_PRODUCTS_DIR}/leveldb-library/leveldb.framework",
				"${BUILT_PRODUCTS_DIR}/nanopb/nanopb.framework",
			);
			name = "[CP] Embed Pods Frameworks";
			outputFileListPaths = (
			);
			outputPaths = (
				"${TARGET_BUILD_DIR}/${FRAMEWORKS_FOLDER_PATH}/GoogleUtilities.framework",
				"${TARGET_BUILD_DIR}/${FRAMEWORKS_FOLDER_PATH}/leveldb.framework",
				"${TARGET_BUILD_DIR}/${FRAMEWORKS_FOLDER_PATH}/nanopb.framework",
			);
			runOnlyForDeploymentPostprocessing = 0;
			shellPath = /bin/sh;
			shellScript = "\"${SRCROOT}/Pods/Target Support Files/Pods-Bus Tracker/Pods-Bus Tracker-frameworks.sh\"\n";
			showEnvVarsInLog = 0;
		};
		5C8A2A58D31E44D8F7798818 /* [CP] Check Pods Manifest.lock */ = {
			isa = PBXShellScriptBuildPhase;
			buildActionMask = 2147483647;
			files = (
			);
			inputFileListPaths = (
			);
			inputPaths = (
				"${PODS_PODFILE_DIR_PATH}/Podfile.lock",
				"${PODS_ROOT}/Manifest.lock",
			);
			name = "[CP] Check Pods Manifest.lock";
			outputFileListPaths = (
			);
			outputPaths = (
				"$(DERIVED_FILE_DIR)/Pods-Bus TrackerTests-checkManifestLockResult.txt",
			);
			runOnlyForDeploymentPostprocessing = 0;
			shellPath = /bin/sh;
			shellScript = "diff \"${PODS_PODFILE_DIR_PATH}/Podfile.lock\" \"${PODS_ROOT}/Manifest.lock\" > /dev/null\nif [ $? != 0 ] ; then\n    # print error to STDERR\n    echo \"error: The sandbox is not in sync with the Podfile.lock. Run 'pod install' or update your CocoaPods installation.\" >&2\n    exit 1\nfi\n# This output is used by Xcode 'outputs' to avoid re-running this script phase.\necho \"SUCCESS\" > \"${SCRIPT_OUTPUT_FILE_0}\"\n";
			showEnvVarsInLog = 0;
		};
		6283C2C965794FC44F735167 /* [CP] Check Pods Manifest.lock */ = {
			isa = PBXShellScriptBuildPhase;
			buildActionMask = 2147483647;
			files = (
			);
			inputFileListPaths = (
			);
			inputPaths = (
				"${PODS_PODFILE_DIR_PATH}/Podfile.lock",
				"${PODS_ROOT}/Manifest.lock",
			);
			name = "[CP] Check Pods Manifest.lock";
			outputFileListPaths = (
			);
			outputPaths = (
				"$(DERIVED_FILE_DIR)/Pods-Bus Tracker-checkManifestLockResult.txt",
			);
			runOnlyForDeploymentPostprocessing = 0;
			shellPath = /bin/sh;
			shellScript = "diff \"${PODS_PODFILE_DIR_PATH}/Podfile.lock\" \"${PODS_ROOT}/Manifest.lock\" > /dev/null\nif [ $? != 0 ] ; then\n    # print error to STDERR\n    echo \"error: The sandbox is not in sync with the Podfile.lock. Run 'pod install' or update your CocoaPods installation.\" >&2\n    exit 1\nfi\n# This output is used by Xcode 'outputs' to avoid re-running this script phase.\necho \"SUCCESS\" > \"${SCRIPT_OUTPUT_FILE_0}\"\n";
			showEnvVarsInLog = 0;
		};
		7B79990D9354C01A8B378732 /* [CP] Check Pods Manifest.lock */ = {
			isa = PBXShellScriptBuildPhase;
			buildActionMask = 2147483647;
			files = (
			);
			inputFileListPaths = (
			);
			inputPaths = (
				"${PODS_PODFILE_DIR_PATH}/Podfile.lock",
				"${PODS_ROOT}/Manifest.lock",
			);
			name = "[CP] Check Pods Manifest.lock";
			outputFileListPaths = (
			);
			outputPaths = (
				"$(DERIVED_FILE_DIR)/Pods-Bus TrackerUITests-checkManifestLockResult.txt",
			);
			runOnlyForDeploymentPostprocessing = 0;
			shellPath = /bin/sh;
			shellScript = "diff \"${PODS_PODFILE_DIR_PATH}/Podfile.lock\" \"${PODS_ROOT}/Manifest.lock\" > /dev/null\nif [ $? != 0 ] ; then\n    # print error to STDERR\n    echo \"error: The sandbox is not in sync with the Podfile.lock. Run 'pod install' or update your CocoaPods installation.\" >&2\n    exit 1\nfi\n# This output is used by Xcode 'outputs' to avoid re-running this script phase.\necho \"SUCCESS\" > \"${SCRIPT_OUTPUT_FILE_0}\"\n";
			showEnvVarsInLog = 0;
		};
/* End PBXShellScriptBuildPhase section */

/* Begin PBXSourcesBuildPhase section */
		7BC7F81A2157503300E18B32 /* Sources */ = {
			isa = PBXSourcesBuildPhase;
			buildActionMask = 2147483647;
			files = (
				7BC7F82A2157503400E18B32 /* Bus_Tracker.xcdatamodeld in Sources */,
				7BC7F8542157EC6D00E18B32 /* MapVC.swift in Sources */,
				7BC7F8222157503400E18B32 /* AppDelegate.swift in Sources */,
				7BD317DB216A8FA500DF1A5A /* DBReference.swift in Sources */,
				7BCF92AF216E9F83003996F8 /* DriverVC.swift in Sources */,
				7BD317D9216A8F5900DF1A5A /* Constants.swift in Sources */,
			);
			runOnlyForDeploymentPostprocessing = 0;
		};
		7BC7F8312157503700E18B32 /* Sources */ = {
			isa = PBXSourcesBuildPhase;
			buildActionMask = 2147483647;
			files = (
				7BC7F83A2157503700E18B32 /* Bus_TrackerTests.swift in Sources */,
			);
			runOnlyForDeploymentPostprocessing = 0;
		};
		7BC7F83C2157503700E18B32 /* Sources */ = {
			isa = PBXSourcesBuildPhase;
			buildActionMask = 2147483647;
			files = (
				7BC7F8452157503700E18B32 /* Bus_TrackerUITests.swift in Sources */,
			);
			runOnlyForDeploymentPostprocessing = 0;
		};
/* End PBXSourcesBuildPhase section */

/* Begin PBXTargetDependency section */
		7BC7F8372157503700E18B32 /* PBXTargetDependency */ = {
			isa = PBXTargetDependency;
			target = 7BC7F81D2157503300E18B32 /* Bus Tracker */;
			targetProxy = 7BC7F8362157503700E18B32 /* PBXContainerItemProxy */;
		};
		7BC7F8422157503700E18B32 /* PBXTargetDependency */ = {
			isa = PBXTargetDependency;
			target = 7BC7F81D2157503300E18B32 /* Bus Tracker */;
			targetProxy = 7BC7F8412157503700E18B32 /* PBXContainerItemProxy */;
		};
/* End PBXTargetDependency section */

/* Begin PBXVariantGroup section */
		7BC7F8252157503400E18B32 /* Main.storyboard */ = {
			isa = PBXVariantGroup;
			children = (
				7BC7F8262157503400E18B32 /* Base */,
			);
			name = Main.storyboard;
			sourceTree = "<group>";
		};
		7BC7F82D2157503700E18B32 /* LaunchScreen.storyboard */ = {
			isa = PBXVariantGroup;
			children = (
				7BC7F82E2157503700E18B32 /* Base */,
			);
			name = LaunchScreen.storyboard;
			sourceTree = "<group>";
		};
/* End PBXVariantGroup section */

/* Begin XCBuildConfiguration section */
		7BC7F8472157503700E18B32 /* Debug */ = {
			isa = XCBuildConfiguration;
			buildSettings = {
				ALWAYS_SEARCH_USER_PATHS = NO;
				CLANG_ANALYZER_NONNULL = YES;
				CLANG_ANALYZER_NUMBER_OBJECT_CONVERSION = YES_AGGRESSIVE;
				CLANG_CXX_LANGUAGE_STANDARD = "gnu++14";
				CLANG_CXX_LIBRARY = "libc++";
				CLANG_ENABLE_MODULES = YES;
				CLANG_ENABLE_OBJC_ARC = YES;
				CLANG_ENABLE_OBJC_WEAK = YES;
				CLANG_WARN_BLOCK_CAPTURE_AUTORELEASING = YES;
				CLANG_WARN_BOOL_CONVERSION = YES;
				CLANG_WARN_COMMA = YES;
				CLANG_WARN_CONSTANT_CONVERSION = YES;
				CLANG_WARN_DEPRECATED_OBJC_IMPLEMENTATIONS = YES;
				CLANG_WARN_DIRECT_OBJC_ISA_USAGE = YES_ERROR;
				CLANG_WARN_DOCUMENTATION_COMMENTS = YES;
				CLANG_WARN_EMPTY_BODY = YES;
				CLANG_WARN_ENUM_CONVERSION = YES;
				CLANG_WARN_INFINITE_RECURSION = YES;
				CLANG_WARN_INT_CONVERSION = YES;
				CLANG_WARN_NON_LITERAL_NULL_CONVERSION = YES;
				CLANG_WARN_OBJC_IMPLICIT_RETAIN_SELF = YES;
				CLANG_WARN_OBJC_LITERAL_CONVERSION = YES;
				CLANG_WARN_OBJC_ROOT_CLASS = YES_ERROR;
				CLANG_WARN_RANGE_LOOP_ANALYSIS = YES;
				CLANG_WARN_STRICT_PROTOTYPES = YES;
				CLANG_WARN_SUSPICIOUS_MOVE = YES;
				CLANG_WARN_UNGUARDED_AVAILABILITY = YES_AGGRESSIVE;
				CLANG_WARN_UNREACHABLE_CODE = YES;
				CLANG_WARN__DUPLICATE_METHOD_MATCH = YES;
				CODE_SIGN_IDENTITY = "iPhone Developer";
				COPY_PHASE_STRIP = NO;
				DEBUG_INFORMATION_FORMAT = dwarf;
				ENABLE_STRICT_OBJC_MSGSEND = YES;
				ENABLE_TESTABILITY = YES;
				GCC_C_LANGUAGE_STANDARD = gnu11;
				GCC_DYNAMIC_NO_PIC = NO;
				GCC_NO_COMMON_BLOCKS = YES;
				GCC_OPTIMIZATION_LEVEL = 0;
				GCC_PREPROCESSOR_DEFINITIONS = (
					"DEBUG=1",
					"$(inherited)",
				);
				GCC_WARN_64_TO_32_BIT_CONVERSION = YES;
				GCC_WARN_ABOUT_RETURN_TYPE = YES_ERROR;
				GCC_WARN_UNDECLARED_SELECTOR = YES;
				GCC_WARN_UNINITIALIZED_AUTOS = YES_AGGRESSIVE;
				GCC_WARN_UNUSED_FUNCTION = YES;
				GCC_WARN_UNUSED_VARIABLE = YES;
				IPHONEOS_DEPLOYMENT_TARGET = 12.0;
				MTL_ENABLE_DEBUG_INFO = INCLUDE_SOURCE;
				MTL_FAST_MATH = YES;
				ONLY_ACTIVE_ARCH = YES;
				SDKROOT = iphoneos;
				SWIFT_ACTIVE_COMPILATION_CONDITIONS = DEBUG;
				SWIFT_OPTIMIZATION_LEVEL = "-Onone";
			};
			name = Debug;
		};
		7BC7F8482157503700E18B32 /* Release */ = {
			isa = XCBuildConfiguration;
			buildSettings = {
				ALWAYS_SEARCH_USER_PATHS = NO;
				CLANG_ANALYZER_NONNULL = YES;
				CLANG_ANALYZER_NUMBER_OBJECT_CONVERSION = YES_AGGRESSIVE;
				CLANG_CXX_LANGUAGE_STANDARD = "gnu++14";
				CLANG_CXX_LIBRARY = "libc++";
				CLANG_ENABLE_MODULES = YES;
				CLANG_ENABLE_OBJC_ARC = YES;
				CLANG_ENABLE_OBJC_WEAK = YES;
				CLANG_WARN_BLOCK_CAPTURE_AUTORELEASING = YES;
				CLANG_WARN_BOOL_CONVERSION = YES;
				CLANG_WARN_COMMA = YES;
				CLANG_WARN_CONSTANT_CONVERSION = YES;
				CLANG_WARN_DEPRECATED_OBJC_IMPLEMENTATIONS = YES;
				CLANG_WARN_DIRECT_OBJC_ISA_USAGE = YES_ERROR;
				CLANG_WARN_DOCUMENTATION_COMMENTS = YES;
				CLANG_WARN_EMPTY_BODY = YES;
				CLANG_WARN_ENUM_CONVERSION = YES;
				CLANG_WARN_INFINITE_RECURSION = YES;
				CLANG_WARN_INT_CONVERSION = YES;
				CLANG_WARN_NON_LITERAL_NULL_CONVERSION = YES;
				CLANG_WARN_OBJC_IMPLICIT_RETAIN_SELF = YES;
				CLANG_WARN_OBJC_LITERAL_CONVERSION = YES;
				CLANG_WARN_OBJC_ROOT_CLASS = YES_ERROR;
				CLANG_WARN_RANGE_LOOP_ANALYSIS = YES;
				CLANG_WARN_STRICT_PROTOTYPES = YES;
				CLANG_WARN_SUSPICIOUS_MOVE = YES;
				CLANG_WARN_UNGUARDED_AVAILABILITY = YES_AGGRESSIVE;
				CLANG_WARN_UNREACHABLE_CODE = YES;
				CLANG_WARN__DUPLICATE_METHOD_MATCH = YES;
				CODE_SIGN_IDENTITY = "iPhone Developer";
				COPY_PHASE_STRIP = NO;
				DEBUG_INFORMATION_FORMAT = "dwarf-with-dsym";
				ENABLE_NS_ASSERTIONS = NO;
				ENABLE_STRICT_OBJC_MSGSEND = YES;
				GCC_C_LANGUAGE_STANDARD = gnu11;
				GCC_NO_COMMON_BLOCKS = YES;
				GCC_WARN_64_TO_32_BIT_CONVERSION = YES;
				GCC_WARN_ABOUT_RETURN_TYPE = YES_ERROR;
				GCC_WARN_UNDECLARED_SELECTOR = YES;
				GCC_WARN_UNINITIALIZED_AUTOS = YES_AGGRESSIVE;
				GCC_WARN_UNUSED_FUNCTION = YES;
				GCC_WARN_UNUSED_VARIABLE = YES;
				IPHONEOS_DEPLOYMENT_TARGET = 12.0;
				MTL_ENABLE_DEBUG_INFO = NO;
				MTL_FAST_MATH = YES;
				SDKROOT = iphoneos;
				SWIFT_COMPILATION_MODE = wholemodule;
				SWIFT_OPTIMIZATION_LEVEL = "-O";
				VALIDATE_PRODUCT = YES;
			};
			name = Release;
		};
		7BC7F84A2157503700E18B32 /* Debug */ = {
			isa = XCBuildConfiguration;
			baseConfigurationReference = F4213CEFEC05A36BE254389C /* Pods-Bus Tracker.debug.xcconfig */;
			buildSettings = {
				ASSETCATALOG_COMPILER_APPICON_NAME = AppIcon;
				CODE_SIGN_STYLE = Automatic;
				DEVELOPMENT_TEAM = J3RFW96FTG;
				INFOPLIST_FILE = "Bus Tracker/Info.plist";
				LD_RUNPATH_SEARCH_PATHS = (
					"$(inherited)",
					"@executable_path/Frameworks",
				);
				PRODUCT_BUNDLE_IDENTIFIER = "swang20.Bus-Tracker";
				PRODUCT_NAME = "$(TARGET_NAME)";
				SWIFT_VERSION = 4.2;
				TARGETED_DEVICE_FAMILY = 1;
			};
			name = Debug;
		};
		7BC7F84B2157503700E18B32 /* Release */ = {
			isa = XCBuildConfiguration;
			baseConfigurationReference = 56749687A5E3A38AC8DCC890 /* Pods-Bus Tracker.release.xcconfig */;
			buildSettings = {
				ASSETCATALOG_COMPILER_APPICON_NAME = AppIcon;
				CODE_SIGN_STYLE = Automatic;
				DEVELOPMENT_TEAM = J3RFW96FTG;
				INFOPLIST_FILE = "Bus Tracker/Info.plist";
				LD_RUNPATH_SEARCH_PATHS = (
					"$(inherited)",
					"@executable_path/Frameworks",
				);
				PRODUCT_BUNDLE_IDENTIFIER = "swang20.Bus-Tracker";
				PRODUCT_NAME = "$(TARGET_NAME)";
				SWIFT_VERSION = 4.2;
				TARGETED_DEVICE_FAMILY = 1;
			};
			name = Release;
		};
		7BC7F84D2157503700E18B32 /* Debug */ = {
			isa = XCBuildConfiguration;
			baseConfigurationReference = 1EA2BB2771848EF6E006B6C6 /* Pods-Bus TrackerTests.debug.xcconfig */;
			buildSettings = {
				ALWAYS_EMBED_SWIFT_STANDARD_LIBRARIES = YES;
				BUNDLE_LOADER = "$(TEST_HOST)";
				CODE_SIGN_STYLE = Automatic;
				INFOPLIST_FILE = "Bus TrackerTests/Info.plist";
				LD_RUNPATH_SEARCH_PATHS = (
					"$(inherited)",
					"@executable_path/Frameworks",
					"@loader_path/Frameworks",
				);
				PRODUCT_BUNDLE_IDENTIFIER = "swang20.Bus-TrackerTests";
				PRODUCT_NAME = "$(TARGET_NAME)";
				SWIFT_VERSION = 4.2;
				TARGETED_DEVICE_FAMILY = "1,2";
				TEST_HOST = "$(BUILT_PRODUCTS_DIR)/Bus Tracker.app/Bus Tracker";
			};
			name = Debug;
		};
		7BC7F84E2157503700E18B32 /* Release */ = {
			isa = XCBuildConfiguration;
			baseConfigurationReference = C86C9A69F5B3C69C9FB6B927 /* Pods-Bus TrackerTests.release.xcconfig */;
			buildSettings = {
				ALWAYS_EMBED_SWIFT_STANDARD_LIBRARIES = YES;
				BUNDLE_LOADER = "$(TEST_HOST)";
				CODE_SIGN_STYLE = Automatic;
				INFOPLIST_FILE = "Bus TrackerTests/Info.plist";
				LD_RUNPATH_SEARCH_PATHS = (
					"$(inherited)",
					"@executable_path/Frameworks",
					"@loader_path/Frameworks",
				);
				PRODUCT_BUNDLE_IDENTIFIER = "swang20.Bus-TrackerTests";
				PRODUCT_NAME = "$(TARGET_NAME)";
				SWIFT_VERSION = 4.2;
				TARGETED_DEVICE_FAMILY = "1,2";
				TEST_HOST = "$(BUILT_PRODUCTS_DIR)/Bus Tracker.app/Bus Tracker";
			};
			name = Release;
		};
		7BC7F8502157503700E18B32 /* Debug */ = {
			isa = XCBuildConfiguration;
			baseConfigurationReference = 6C8DAE6EE086ACD98F4DBF5D /* Pods-Bus TrackerUITests.debug.xcconfig */;
			buildSettings = {
				ALWAYS_EMBED_SWIFT_STANDARD_LIBRARIES = YES;
				CODE_SIGN_STYLE = Automatic;
				INFOPLIST_FILE = "Bus TrackerUITests/Info.plist";
				LD_RUNPATH_SEARCH_PATHS = (
					"$(inherited)",
					"@executable_path/Frameworks",
					"@loader_path/Frameworks",
				);
				PRODUCT_BUNDLE_IDENTIFIER = "swang20.Bus-TrackerUITests";
				PRODUCT_NAME = "$(TARGET_NAME)";
				SWIFT_VERSION = 4.2;
				TARGETED_DEVICE_FAMILY = "1,2";
				TEST_TARGET_NAME = "Bus Tracker";
			};
			name = Debug;
		};
		7BC7F8512157503700E18B32 /* Release */ = {
			isa = XCBuildConfiguration;
			baseConfigurationReference = 2A39493422A1E201EF4FAE0A /* Pods-Bus TrackerUITests.release.xcconfig */;
			buildSettings = {
				ALWAYS_EMBED_SWIFT_STANDARD_LIBRARIES = YES;
				CODE_SIGN_STYLE = Automatic;
				INFOPLIST_FILE = "Bus TrackerUITests/Info.plist";
				LD_RUNPATH_SEARCH_PATHS = (
					"$(inherited)",
					"@executable_path/Frameworks",
					"@loader_path/Frameworks",
				);
				PRODUCT_BUNDLE_IDENTIFIER = "swang20.Bus-TrackerUITests";
				PRODUCT_NAME = "$(TARGET_NAME)";
				SWIFT_VERSION = 4.2;
				TARGETED_DEVICE_FAMILY = "1,2";
				TEST_TARGET_NAME = "Bus Tracker";
			};
			name = Release;
		};
/* End XCBuildConfiguration section */

/* Begin XCConfigurationList section */
		7BC7F8192157503300E18B32 /* Build configuration list for PBXProject "Bus Tracker" */ = {
			isa = XCConfigurationList;
			buildConfigurations = (
				7BC7F8472157503700E18B32 /* Debug */,
				7BC7F8482157503700E18B32 /* Release */,
			);
			defaultConfigurationIsVisible = 0;
			defaultConfigurationName = Release;
		};
		7BC7F8492157503700E18B32 /* Build configuration list for PBXNativeTarget "Bus Tracker" */ = {
			isa = XCConfigurationList;
			buildConfigurations = (
				7BC7F84A2157503700E18B32 /* Debug */,
				7BC7F84B2157503700E18B32 /* Release */,
			);
			defaultConfigurationIsVisible = 0;
			defaultConfigurationName = Release;
		};
		7BC7F84C2157503700E18B32 /* Build configuration list for PBXNativeTarget "Bus TrackerTests" */ = {
			isa = XCConfigurationList;
			buildConfigurations = (
				7BC7F84D2157503700E18B32 /* Debug */,
				7BC7F84E2157503700E18B32 /* Release */,
			);
			defaultConfigurationIsVisible = 0;
			defaultConfigurationName = Release;
		};
		7BC7F84F2157503700E18B32 /* Build configuration list for PBXNativeTarget "Bus TrackerUITests" */ = {
			isa = XCConfigurationList;
			buildConfigurations = (
				7BC7F8502157503700E18B32 /* Debug */,
				7BC7F8512157503700E18B32 /* Release */,
			);
			defaultConfigurationIsVisible = 0;
			defaultConfigurationName = Release;
		};
/* End XCConfigurationList section */

/* Begin XCVersionGroup section */
		7BC7F8282157503400E18B32 /* Bus_Tracker.xcdatamodeld */ = {
			isa = XCVersionGroup;
			children = (
				7BC7F8292157503400E18B32 /* Bus_Tracker.xcdatamodel */,
			);
			currentVersion = 7BC7F8292157503400E18B32 /* Bus_Tracker.xcdatamodel */;
			path = Bus_Tracker.xcdatamodeld;
			sourceTree = "<group>";
			versionGroupType = wrapper.xcdatamodel;
		};
/* End XCVersionGroup section */
	};
	rootObject = 7BC7F8162157503300E18B32 /* Project object */;
}
